
Microsoft Visual Studio Solution File, Format Version 12.00
# Visual Studio Version 17
VisualStudioVersion = 17.0.31717.71
MinimumVisualStudioVersion = 10.0.40219.1
Project("{9A19103F-16F7-4668-BE54-9A1E7A4F7556}") = "P3D.Legacy.Server", "P3D.Legacy.Server\P3D.Legacy.Server.csproj", "{A28DCA3C-FCCA-4170-9F79-0C75F839FC6D}"
EndProject
Project("{9A19103F-16F7-4668-BE54-9A1E7A4F7556}") = "P3D.Legacy.Common", "P3D.Legacy.Common\P3D.Legacy.Common.csproj", "{2E502806-7626-480C-B997-6E64232016DB}"
EndProject
Project("{9A19103F-16F7-4668-BE54-9A1E7A4F7556}") = "P3D.Legacy.Server.UI.Shared", "P3D.Legacy.Server.UI.Shared\P3D.Legacy.Server.UI.Shared.csproj", "{DDA275D0-8CA0-4609-910C-B428967CDBAB}"
EndProject
Project("{2150E333-8FDC-42A3-9474-1A3956D46DE8}") = "root", "root", "{B8171225-FEA8-47E8-AE9E-96DD1AFE76D2}"
	ProjectSection(SolutionItems) = preProject
		..\.editorconfig = ..\.editorconfig
		..\Directory.Packages.props = ..\Directory.Packages.props
		..\Directory.Build.props = ..\Directory.Build.props
		..\README.md = ..\README.md
	EndProjectSection
EndProject
Project("{2150E333-8FDC-42A3-9474-1A3956D46DE8}") = "Server", "Server", "{679B78EF-C627-49A7-B49E-D54B4FAF1F08}"
EndProject
Project("{2150E333-8FDC-42A3-9474-1A3956D46DE8}") = "Libraries", "Libraries", "{5DC5782B-B1E0-45F0-A286-F27928702DAA}"
EndProject
Project("{9A19103F-16F7-4668-BE54-9A1E7A4F7556}") = "P3D.Legacy.Server.Client.P3D", "P3D.Legacy.Server.Client.P3D\P3D.Legacy.Server.Client.P3D.csproj", "{CDA494A1-A806-4976-B82F-E3CCDFF618EB}"
EndProject
Project("{9A19103F-16F7-4668-BE54-9A1E7A4F7556}") = "P3D.Legacy.Server.Connections", "P3D.Legacy.Server.Connections\P3D.Legacy.Server.Connections.csproj", "{2515F559-4BB1-47AB-8798-5083E4ACB2B4}"
EndProject
Project("{9A19103F-16F7-4668-BE54-9A1E7A4F7556}") = "P3D.Legacy.Server.Application", "P3D.Legacy.Server.Application\P3D.Legacy.Server.Application.csproj", "{18E3087C-B1B8-4312-BA89-84731A66F8CD}"
EndProject
Project("{9A19103F-16F7-4668-BE54-9A1E7A4F7556}") = "P3D.Legacy.Server.CommunicationAPI", "P3D.Legacy.Server.CommunicationAPI\P3D.Legacy.Server.CommunicationAPI.csproj", "{C6D4D3F3-0791-4701-939C-930C977E97FE}"
EndProject
Project("{9A19103F-16F7-4668-BE54-9A1E7A4F7556}") = "P3D.Legacy.Server.DiscordBot", "P3D.Legacy.Server.DiscordBot\P3D.Legacy.Server.DiscordBot.csproj", "{7E760E50-4BAB-4A6F-BE45-A8D78043EFB9}"
EndProject
Project("{9A19103F-16F7-4668-BE54-9A1E7A4F7556}") = "P3D.Legacy.Server.GameCommands", "P3D.Legacy.Server.GameCommands\P3D.Legacy.Server.GameCommands.csproj", "{B8444DF0-083B-4822-B30F-797F903BFF33}"
EndProject
Project("{9A19103F-16F7-4668-BE54-9A1E7A4F7556}") = "P3D.Legacy.Server.Infrastructure", "P3D.Legacy.Server.Infrastructure\P3D.Legacy.Server.Infrastructure.csproj", "{E361892A-BB78-457A-A026-F3A4B82BB061}"
EndProject
Project("{9A19103F-16F7-4668-BE54-9A1E7A4F7556}") = "P3D.Legacy.Server.InternalAPI", "P3D.Legacy.Server.InternalAPI\P3D.Legacy.Server.InternalAPI.csproj", "{1F4D8756-E776-4347-B88B-796C2D515EAB}"
EndProject
Project("{9A19103F-16F7-4668-BE54-9A1E7A4F7556}") = "P3D.Legacy.Server.Statistics", "P3D.Legacy.Server.Statistics\P3D.Legacy.Server.Statistics.csproj", "{116FD55F-7649-49BE-A72B-2C09124B811F}"
EndProject
Project("{2150E333-8FDC-42A3-9474-1A3956D46DE8}") = "Tests", "Tests", "{139AD976-3851-45CA-8EE8-D59DE564E83F}"
EndProject
Project("{9A19103F-16F7-4668-BE54-9A1E7A4F7556}") = "P3D.Legacy.Tests", "..\tests\P3D.Legacy.Tests\P3D.Legacy.Tests.csproj", "{49A18DFC-5C5D-46D6-93ED-7D20BCDA5F1E}"
EndProject
Project("{9A19103F-16F7-4668-BE54-9A1E7A4F7556}") = "P3D.Legacy.Server.Benchmark", "P3D.Legacy.Server.Benchmark\P3D.Legacy.Server.Benchmark.csproj", "{3F4354CE-C691-4405-9354-E864E8E24D6E}"
EndProject
Project("{2150E333-8FDC-42A3-9474-1A3956D46DE8}") = "Benchmark", "Benchmark", "{4CE8FA6B-6920-41ED-9559-D02212AC75D1}"
EndProject
Project("{9A19103F-16F7-4668-BE54-9A1E7A4F7556}") = "P3D.Legacy.Server.GUI", "P3D.Legacy.Server.GUI\P3D.Legacy.Server.GUI.csproj", "{7A5533AD-A0F0-4141-96AB-3A5756945FFC}"
EndProject
Project("{2150E333-8FDC-42A3-9474-1A3956D46DE8}") = "workflows", "workflows", "{0DDFBF00-5A0D-42B8-8851-A6EF0A3BE1ED}"
	ProjectSection(SolutionItems) = preProject
		..\.github\workflows\deploy-docker-qa.yml = ..\.github\workflows\deploy-docker-qa.yml
		..\.github\workflows\deploy-docker.yml = ..\.github\workflows\deploy-docker.yml
		..\.github\workflows\deploy-openapi.yml = ..\.github\workflows\deploy-openapi.yml
		..\.github\workflows\discord.sh = ..\.github\workflows\discord.sh
		..\.github\workflows\docker-publish-qa.yml = ..\.github\workflows\docker-publish-qa.yml
		..\.github\workflows\docker-publish.yml = ..\.github\workflows\docker-publish.yml
		..\.github\workflows\release-tags.yml = ..\.github\workflows\release-tags.yml
		..\.github\workflows\restart-qa.yml = ..\.github\workflows\restart-qa.yml
		..\.github\workflows\docker-publish-qa-slim.yml = ..\.github\workflows\docker-publish-qa-slim.yml
	EndProjectSection
EndProject
Project("{FAE04EC0-301F-11D3-BF4B-00C04F79EFBC}") = "P3D.Legacy.Server.CQERS", "P3D.Legacy.Server.CQERS\P3D.Legacy.Server.CQERS.csproj", "{D88D41B4-6AD5-4E66-8DE0-D7C01DFA61A7}"
EndProject
Project("{FAE04EC0-301F-11D3-BF4B-00C04F79EFBC}") = "P3D.Legacy.Site.API", "P3D.Legacy.Site.API\P3D.Legacy.Site.API.csproj", "{D29D51F6-4082-4636-81E3-688E12254F40}"
EndProject
Project("{FAE04EC0-301F-11D3-BF4B-00C04F79EFBC}") = "P3D.Legacy.Server.Domain", "P3D.Legacy.Server.Domain\P3D.Legacy.Server.Domain.csproj", "{5873225E-2375-42D6-9D1E-52EF036E0767}"
EndProject
Project("{FAE04EC0-301F-11D3-BF4B-00C04F79EFBC}") = "P3D.Legacy.Server.Shared", "P3D.Legacy.Server.Shared\P3D.Legacy.Server.Shared.csproj", "{2EA92C3E-7536-45DC-943E-C04A6A370714}"
EndProject
Global
	GlobalSection(SolutionConfigurationPlatforms) = preSolution
		Debug|Any CPU = Debug|Any CPU
		Release|Any CPU = Release|Any CPU
	EndGlobalSection
	GlobalSection(ProjectConfigurationPlatforms) = postSolution
		{A28DCA3C-FCCA-4170-9F79-0C75F839FC6D}.Debug|Any CPU.ActiveCfg = Debug|Any CPU
		{A28DCA3C-FCCA-4170-9F79-0C75F839FC6D}.Debug|Any CPU.Build.0 = Debug|Any CPU
		{A28DCA3C-FCCA-4170-9F79-0C75F839FC6D}.Release|Any CPU.ActiveCfg = Release|Any CPU
		{A28DCA3C-FCCA-4170-9F79-0C75F839FC6D}.Release|Any CPU.Build.0 = Release|Any CPU
		{2E502806-7626-480C-B997-6E64232016DB}.Debug|Any CPU.ActiveCfg = Debug|Any CPU
		{2E502806-7626-480C-B997-6E64232016DB}.Debug|Any CPU.Build.0 = Debug|Any CPU
		{2E502806-7626-480C-B997-6E64232016DB}.Release|Any CPU.ActiveCfg = Release|Any CPU
		{2E502806-7626-480C-B997-6E64232016DB}.Release|Any CPU.Build.0 = Release|Any CPU
		{DDA275D0-8CA0-4609-910C-B428967CDBAB}.Debug|Any CPU.ActiveCfg = Debug|Any CPU
		{DDA275D0-8CA0-4609-910C-B428967CDBAB}.Debug|Any CPU.Build.0 = Debug|Any CPU
		{DDA275D0-8CA0-4609-910C-B428967CDBAB}.Release|Any CPU.ActiveCfg = Release|Any CPU
		{DDA275D0-8CA0-4609-910C-B428967CDBAB}.Release|Any CPU.Build.0 = Release|Any CPU
		{CDA494A1-A806-4976-B82F-E3CCDFF618EB}.Debug|Any CPU.ActiveCfg = Debug|Any CPU
		{CDA494A1-A806-4976-B82F-E3CCDFF618EB}.Debug|Any CPU.Build.0 = Debug|Any CPU
		{CDA494A1-A806-4976-B82F-E3CCDFF618EB}.Release|Any CPU.ActiveCfg = Release|Any CPU
		{CDA494A1-A806-4976-B82F-E3CCDFF618EB}.Release|Any CPU.Build.0 = Release|Any CPU
		{2515F559-4BB1-47AB-8798-5083E4ACB2B4}.Debug|Any CPU.ActiveCfg = Debug|Any CPU
		{2515F559-4BB1-47AB-8798-5083E4ACB2B4}.Debug|Any CPU.Build.0 = Debug|Any CPU
		{2515F559-4BB1-47AB-8798-5083E4ACB2B4}.Release|Any CPU.ActiveCfg = Release|Any CPU
		{2515F559-4BB1-47AB-8798-5083E4ACB2B4}.Release|Any CPU.Build.0 = Release|Any CPU
		{18E3087C-B1B8-4312-BA89-84731A66F8CD}.Debug|Any CPU.ActiveCfg = Debug|Any CPU
		{18E3087C-B1B8-4312-BA89-84731A66F8CD}.Debug|Any CPU.Build.0 = Debug|Any CPU
		{18E3087C-B1B8-4312-BA89-84731A66F8CD}.Release|Any CPU.ActiveCfg = Release|Any CPU
		{18E3087C-B1B8-4312-BA89-84731A66F8CD}.Release|Any CPU.Build.0 = Release|Any CPU
		{C6D4D3F3-0791-4701-939C-930C977E97FE}.Debug|Any CPU.ActiveCfg = Debug|Any CPU
		{C6D4D3F3-0791-4701-939C-930C977E97FE}.Debug|Any CPU.Build.0 = Debug|Any CPU
		{C6D4D3F3-0791-4701-939C-930C977E97FE}.Release|Any CPU.ActiveCfg = Release|Any CPU
		{C6D4D3F3-0791-4701-939C-930C977E97FE}.Release|Any CPU.Build.0 = Release|Any CPU
		{7E760E50-4BAB-4A6F-BE45-A8D78043EFB9}.Debug|Any CPU.ActiveCfg = Debug|Any CPU
		{7E760E50-4BAB-4A6F-BE45-A8D78043EFB9}.Debug|Any CPU.Build.0 = Debug|Any CPU
		{7E760E50-4BAB-4A6F-BE45-A8D78043EFB9}.Release|Any CPU.ActiveCfg = Release|Any CPU
		{7E760E50-4BAB-4A6F-BE45-A8D78043EFB9}.Release|Any CPU.Build.0 = Release|Any CPU
		{B8444DF0-083B-4822-B30F-797F903BFF33}.Debug|Any CPU.ActiveCfg = Debug|Any CPU
		{B8444DF0-083B-4822-B30F-797F903BFF33}.Debug|Any CPU.Build.0 = Debug|Any CPU
		{B8444DF0-083B-4822-B30F-797F903BFF33}.Release|Any CPU.ActiveCfg = Release|Any CPU
		{B8444DF0-083B-4822-B30F-797F903BFF33}.Release|Any CPU.Build.0 = Release|Any CPU
		{E361892A-BB78-457A-A026-F3A4B82BB061}.Debug|Any CPU.ActiveCfg = Debug|Any CPU
		{E361892A-BB78-457A-A026-F3A4B82BB061}.Debug|Any CPU.Build.0 = Debug|Any CPU
		{E361892A-BB78-457A-A026-F3A4B82BB061}.Release|Any CPU.ActiveCfg = Release|Any CPU
		{E361892A-BB78-457A-A026-F3A4B82BB061}.Release|Any CPU.Build.0 = Release|Any CPU
		{1F4D8756-E776-4347-B88B-796C2D515EAB}.Debug|Any CPU.ActiveCfg = Debug|Any CPU
		{1F4D8756-E776-4347-B88B-796C2D515EAB}.Debug|Any CPU.Build.0 = Debug|Any CPU
		{1F4D8756-E776-4347-B88B-796C2D515EAB}.Release|Any CPU.ActiveCfg = Release|Any CPU
		{1F4D8756-E776-4347-B88B-796C2D515EAB}.Release|Any CPU.Build.0 = Release|Any CPU
		{116FD55F-7649-49BE-A72B-2C09124B811F}.Debug|Any CPU.ActiveCfg = Debug|Any CPU
		{116FD55F-7649-49BE-A72B-2C09124B811F}.Debug|Any CPU.Build.0 = Debug|Any CPU
		{116FD55F-7649-49BE-A72B-2C09124B811F}.Release|Any CPU.ActiveCfg = Release|Any CPU
		{116FD55F-7649-49BE-A72B-2C09124B811F}.Release|Any CPU.Build.0 = Release|Any CPU
		{49A18DFC-5C5D-46D6-93ED-7D20BCDA5F1E}.Debug|Any CPU.ActiveCfg = Debug|Any CPU
		{49A18DFC-5C5D-46D6-93ED-7D20BCDA5F1E}.Debug|Any CPU.Build.0 = Debug|Any CPU
		{49A18DFC-5C5D-46D6-93ED-7D20BCDA5F1E}.Release|Any CPU.ActiveCfg = Release|Any CPU
		{49A18DFC-5C5D-46D6-93ED-7D20BCDA5F1E}.Release|Any CPU.Build.0 = Release|Any CPU
		{3F4354CE-C691-4405-9354-E864E8E24D6E}.Debug|Any CPU.ActiveCfg = Debug|Any CPU
		{3F4354CE-C691-4405-9354-E864E8E24D6E}.Debug|Any CPU.Build.0 = Debug|Any CPU
		{3F4354CE-C691-4405-9354-E864E8E24D6E}.Release|Any CPU.ActiveCfg = Release|Any CPU
		{3F4354CE-C691-4405-9354-E864E8E24D6E}.Release|Any CPU.Build.0 = Release|Any CPU
		{7A5533AD-A0F0-4141-96AB-3A5756945FFC}.Debug|Any CPU.ActiveCfg = Debug|Any CPU
		{7A5533AD-A0F0-4141-96AB-3A5756945FFC}.Debug|Any CPU.Build.0 = Debug|Any CPU
		{7A5533AD-A0F0-4141-96AB-3A5756945FFC}.Release|Any CPU.ActiveCfg = Release|Any CPU
		{7A5533AD-A0F0-4141-96AB-3A5756945FFC}.Release|Any CPU.Build.0 = Release|Any CPU
		{D88D41B4-6AD5-4E66-8DE0-D7C01DFA61A7}.Debug|Any CPU.ActiveCfg = Debug|Any CPU
		{D88D41B4-6AD5-4E66-8DE0-D7C01DFA61A7}.Debug|Any CPU.Build.0 = Debug|Any CPU
		{D88D41B4-6AD5-4E66-8DE0-D7C01DFA61A7}.Release|Any CPU.ActiveCfg = Release|Any CPU
		{D88D41B4-6AD5-4E66-8DE0-D7C01DFA61A7}.Release|Any CPU.Build.0 = Release|Any CPU
		{D29D51F6-4082-4636-81E3-688E12254F40}.Debug|Any CPU.ActiveCfg = Debug|Any CPU
		{D29D51F6-4082-4636-81E3-688E12254F40}.Debug|Any CPU.Build.0 = Debug|Any CPU
		{D29D51F6-4082-4636-81E3-688E12254F40}.Release|Any CPU.ActiveCfg = Release|Any CPU
		{D29D51F6-4082-4636-81E3-688E12254F40}.Release|Any CPU.Build.0 = Release|Any CPU
		{5873225E-2375-42D6-9D1E-52EF036E0767}.Debug|Any CPU.ActiveCfg = Debug|Any CPU
		{5873225E-2375-42D6-9D1E-52EF036E0767}.Debug|Any CPU.Build.0 = Debug|Any CPU
		{5873225E-2375-42D6-9D1E-52EF036E0767}.Release|Any CPU.ActiveCfg = Release|Any CPU
		{5873225E-2375-42D6-9D1E-52EF036E0767}.Release|Any CPU.Build.0 = Release|Any CPU
		{2EA92C3E-7536-45DC-943E-C04A6A370714}.Debug|Any CPU.ActiveCfg = Debug|Any CPU
		{2EA92C3E-7536-45DC-943E-C04A6A370714}.Debug|Any CPU.Build.0 = Debug|Any CPU
		{2EA92C3E-7536-45DC-943E-C04A6A370714}.Release|Any CPU.ActiveCfg = Release|Any CPU
		{2EA92C3E-7536-45DC-943E-C04A6A370714}.Release|Any CPU.Build.0 = Release|Any CPU
	EndGlobalSection
	GlobalSection(SolutionProperties) = preSolution
		HideSolutionNode = FALSE
	EndGlobalSection
	GlobalSection(NestedProjects) = preSolution
		{A28DCA3C-FCCA-4170-9F79-0C75F839FC6D} = {679B78EF-C627-49A7-B49E-D54B4FAF1F08}
		{2E502806-7626-480C-B997-6E64232016DB} = {5DC5782B-B1E0-45F0-A286-F27928702DAA}
		{679B78EF-C627-49A7-B49E-D54B4FAF1F08} = {B8171225-FEA8-47E8-AE9E-96DD1AFE76D2}
		{5DC5782B-B1E0-45F0-A286-F27928702DAA} = {B8171225-FEA8-47E8-AE9E-96DD1AFE76D2}
		{CDA494A1-A806-4976-B82F-E3CCDFF618EB} = {679B78EF-C627-49A7-B49E-D54B4FAF1F08}
		{18E3087C-B1B8-4312-BA89-84731A66F8CD} = {679B78EF-C627-49A7-B49E-D54B4FAF1F08}
		{C6D4D3F3-0791-4701-939C-930C977E97FE} = {679B78EF-C627-49A7-B49E-D54B4FAF1F08}
		{7E760E50-4BAB-4A6F-BE45-A8D78043EFB9} = {679B78EF-C627-49A7-B49E-D54B4FAF1F08}
		{B8444DF0-083B-4822-B30F-797F903BFF33} = {679B78EF-C627-49A7-B49E-D54B4FAF1F08}
		{E361892A-BB78-457A-A026-F3A4B82BB061} = {679B78EF-C627-49A7-B49E-D54B4FAF1F08}
		{1F4D8756-E776-4347-B88B-796C2D515EAB} = {679B78EF-C627-49A7-B49E-D54B4FAF1F08}
		{116FD55F-7649-49BE-A72B-2C09124B811F} = {679B78EF-C627-49A7-B49E-D54B4FAF1F08}
		{139AD976-3851-45CA-8EE8-D59DE564E83F} = {B8171225-FEA8-47E8-AE9E-96DD1AFE76D2}
		{49A18DFC-5C5D-46D6-93ED-7D20BCDA5F1E} = {139AD976-3851-45CA-8EE8-D59DE564E83F}
		{3F4354CE-C691-4405-9354-E864E8E24D6E} = {4CE8FA6B-6920-41ED-9559-D02212AC75D1}
		{4CE8FA6B-6920-41ED-9559-D02212AC75D1} = {B8171225-FEA8-47E8-AE9E-96DD1AFE76D2}
		{7A5533AD-A0F0-4141-96AB-3A5756945FFC} = {679B78EF-C627-49A7-B49E-D54B4FAF1F08}
		{0DDFBF00-5A0D-42B8-8851-A6EF0A3BE1ED} = {B8171225-FEA8-47E8-AE9E-96DD1AFE76D2}
		{D88D41B4-6AD5-4E66-8DE0-D7C01DFA61A7} = {679B78EF-C627-49A7-B49E-D54B4FAF1F08}
		{D29D51F6-4082-4636-81E3-688E12254F40} = {5DC5782B-B1E0-45F0-A286-F27928702DAA}
		{5873225E-2375-42D6-9D1E-52EF036E0767} = {679B78EF-C627-49A7-B49E-D54B4FAF1F08}
		{2EA92C3E-7536-45DC-943E-C04A6A370714} = {5DC5782B-B1E0-45F0-A286-F27928702DAA}
		{2515F559-4BB1-47AB-8798-5083E4ACB2B4} = {5DC5782B-B1E0-45F0-A286-F27928702DAA}
		{DDA275D0-8CA0-4609-910C-B428967CDBAB} = {5DC5782B-B1E0-45F0-A286-F27928702DAA}
	EndGlobalSection
	GlobalSection(ExtensibilityGlobals) = postSolution
		SolutionGuid = {BE1E891D-648F-4AD9-981D-5743A83ACDD2}
	EndGlobalSection
EndGlobal
